{
    "hash": "da3a10e442f1b597e5f7597efd6e8049",
    "packages": [
        {
            "package": "bcc/extra-tools-bundle",
            "version": "dev-master",
            "source-reference": "7dfe5e093c09200504f2f30ac95d983e626e124f"
        },
        {
            "package": "craue/twigextensions-bundle",
            "version": "dev-master",
            "source-reference": "7501b939800cd7123a832ec6b6be10e17c3bad14"
        },
        {
            "package": "doctrine/common",
            "version": "2.2.2"
        },
        {
            "package": "doctrine/dbal",
            "version": "2.2.2"
        },
        {
            "package": "doctrine/doctrine-bundle",
            "version": "dev-master",
            "source-reference": "550bee05123a592d5010415364396c4c7b20c65c"
        },
        {
            "package": "doctrine/orm",
            "version": "2.2.x-dev",
            "source-reference": "159b6f89471ac05f1c1ef2d53cc2c989ce9215a3"
        },
        {
            "package": "egeloen/ckeditor-bundle",
            "version": "dev-master",
            "source-reference": "4b7d0a349811f49249f2566167c6f1337d214be0"
        },
        {
            "package": "gedmo/doctrine-extensions",
            "version": "dev-master",
            "source-reference": "ec5f3a680b127ebb3b5ae7caaea978d20a08af50"
        },
        {
            "package": "gregwar/captcha-bundle",
            "version": "1.0"
        },
        {
            "package": "imagine/Imagine",
            "version": "v0.2.8"
        },
        {
            "package": "jms/aop-bundle",
            "version": "1.0.0"
        },
        {
            "package": "jms/cg",
            "version": "1.0.0"
        },
        {
            "package": "jms/di-extra-bundle",
            "version": "1.0.1"
        },
        {
            "package": "jms/metadata",
            "version": "1.1.1"
        },
        {
            "package": "jms/security-extra-bundle",
            "version": "1.1.0"
        },
        {
            "package": "knplabs/knp-components",
            "version": "dev-master",
            "source-reference": "b5e8006489e74b84d3ad40a5b8a70b02bc9101fa"
        },
        {
            "package": "knplabs/knp-paginator-bundle",
            "version": "dev-master",
            "source-reference": "203d7e041088f6a62c453158aeb643909a7e5121"
        },
        {
            "package": "kriswallsmith/assetic",
            "version": "dev-master",
            "source-reference": "3acfb6afa50dd1dca387a8dfb641cd3b98a8584d"
        },
        {
            "package": "lexik/form-filter-bundle",
            "version": "1.0"
        },
        {
            "package": "liip/imagine-bundle",
            "version": "dev-master",
            "source-reference": "94afe1b5e32f9570fdd883d9372a9e81d6880ffe"
        },
        {
            "package": "monolog/monolog",
            "version": "1.0.2"
        },
        {
            "package": "sensio/distribution-bundle",
            "version": "dev-master",
            "source-reference": "a2f09ae4b38533d9f16083b740f6a77fb5efd313"
        },
        {
            "package": "sensio/framework-extra-bundle",
            "version": "dev-master",
            "source-reference": "94a9615c6e52a3d02ca7f44eee56f20e0c5c4622"
        },
        {
            "package": "sensio/generator-bundle",
            "version": "dev-master",
            "source-reference": "5f2ded5e5679f66c604f128d5650715bb81d7d7c"
        },
        {
            "package": "stof/doctrine-extensions-bundle",
            "version": "dev-master",
            "source-reference": "f141a698d65271a18d86469c1f7b29d7e24170dd"
        },
        {
            "package": "swiftmailer/swiftmailer",
            "version": "4.1.6"
        },
        {
            "package": "symfony/assetic-bundle",
            "version": "dev-master",
            "source-reference": "d370e914e86518e88aa00ab266796ee032b8262e"
        },
        {
            "package": "symfony/monolog-bundle",
            "version": "dev-master",
            "source-reference": "aea0145e5669ed855db430e0f53536fab16b6dd7"
        },
        {
            "package": "symfony/swiftmailer-bridge",
            "version": "dev-master",
            "source-reference": "23b8d5c049bb3dfb67ec04bbea09464da27c4ec7"
        },
        {
            "package": "symfony/swiftmailer-bundle",
            "version": "dev-master",
            "source-reference": "1c6b57fe57210e9dcb5b4586d6572f47d17a25d7"
        },
        {
            "package": "symfony/symfony",
            "version": "dev-master",
            "source-reference": "6c714095fa3e74c4a5466037f02e1845b9130d35",
            "alias": "2.1.9999999.9999999-dev"
        },
        {
            "package": "twig/extensions",
            "version": "dev-master",
            "source-reference": "446d870272cd87a720e95242eade38a2acf56eaa"
        },
        {
            "package": "twig/twig",
            "version": "dev-master",
            "source-reference": "a929d0336b1b39b8e6de5547d81bd65a960ce31d",
            "alias": "1.7.9999999.9999999-dev"
        },
        {
            "package": "wbx/file-bundle",
            "version": "dev-master",
            "source-reference": "168549ef1941f379944ff01e8ba6a9828168937b"
        }
    ],
    "packages-dev": null,
    "aliases": []
}
